// !$*UTF8*$!
{
	archiveVersion = 1;
	classes = {
	};
	objectVersion = 60;
	objects = {

/* Begin PBXBuildFile section */
		A1B2C3D4E5F6A7B8C9D0E211 /* CanastroApp.swift in Sources */ = {isa = PBXBuildFile; fileRef = A1B2C3D4E5F6A7B8C9D0E210 /* CanastroApp.swift */; };
		A1B2C3D4E5F6A7B8C9D0E213 /* ContentView.swift in Sources */ = {isa = PBXBuildFile; fileRef = A1B2C3D4E5F6A7B8C9D0E212 /* ContentView.swift */; };
		A1B2C3D4E5F6A7B8C9D0E215 /* Workout.swift in Sources */ = {isa = PBXBuildFile; fileRef = A1B2C3D4E5F6A7B8C9D0E214 /* Workout.swift */; };
		A1B2C3D4E5F6A7B8C9D0E217 /* HealthMetric.swift in Sources */ = {isa = PBXBuildFile; fileRef = A1B2C3D4E5F6A7B8C9D0E216 /* HealthMetric.swift */; };
		A1B2C3D4E5F6A7B8C9D0E219 /* Goal.swift in Sources */ = {isa = PBXBuildFile; fileRef = A1B2C3D4E5F6A7B8C9D0E218 /* Goal.swift */; };
		A1B2C3D4E5F6A7B8C9D0E221 /* SleepEntry.swift in Sources */ = {isa = PBXBuildFile; fileRef = A1B2C3D4E5F6A7B8C9D0E220 /* SleepEntry.swift */; };
		A1B2C3D4E5F6A7B8C9D0E223 /* TodoItem.swift in Sources */ = {isa = PBXBuildFile; fileRef = A1B2C3D4E5F6A7B8C9D0E222 /* TodoItem.swift */; };
		A1B2C3D4E5F6A7B8C9D0E225 /* Project.swift in Sources */ = {isa = PBXBuildFile; fileRef = A1B2C3D4E5F6A7B8C9D0E224 /* Project.swift */; };
		A1B2C3D4E5F6A7B8C9D0E227 /* DataStore.swift in Sources */ = {isa = PBXBuildFile; fileRef = A1B2C3D4E5F6A7B8C9D0E226 /* DataStore.swift */; };
		A1B2C3D4E5F6A7B8C9D0E229 /* DashboardView.swift in Sources */ = {isa = PBXBuildFile; fileRef = A1B2C3D4E5F6A7B8C9D0E228 /* DashboardView.swift */; };
		A1B2C3D4E5F6A7B8C9D0E231 /* WorkoutsView.swift in Sources */ = {isa = PBXBuildFile; fileRef = A1B2C3D4E5F6A7B8C9D0E230 /* WorkoutsView.swift */; };
		A1B2C3D4E5F6A7B8C9D0E233 /* HealthGoalsView.swift in Sources */ = {isa = PBXBuildFile; fileRef = A1B2C3D4E5F6A7B8C9D0E232 /* HealthGoalsView.swift */; };
		A1B2C3D4E5F6A7B8C9D0E235 /* SleepView.swift in Sources */ = {isa = PBXBuildFile; fileRef = A1B2C3D4E5F6A7B8C9D0E234 /* SleepView.swift */; };
		A1B2C3D4E5F6A7B8C9D0E237 /* ProductivityView.swift in Sources */ = {isa = PBXBuildFile; fileRef = A1B2C3D4E5F6A7B8C9D0E236 /* ProductivityView.swift */; };
		A1B2C3D4E5F6A7B8C9D0E239 /* ProjectsView.swift in Sources */ = {isa = PBXBuildFile; fileRef = A1B2C3D4E5F6A7B8C9D0E238 /* ProjectsView.swift */; };
		A1B2C3D4E5F6A7B8C9D0E241 /* AddWorkoutView.swift in Sources */ = {isa = PBXBuildFile; fileRef = A1B2C3D4E5F6A7B8C9D0E240 /* AddWorkoutView.swift */; };
		A1B2C3D4E5F6A7B8C9D0E243 /* AddHealthMetricView.swift in Sources */ = {isa = PBXBuildFile; fileRef = A1B2C3D4E5F6A7B8C9D0E242 /* AddHealthMetricView.swift */; };
		A1B2C3D4E5F6A7B8C9D0E245 /* AddGoalView.swift in Sources */ = {isa = PBXBuildFile; fileRef = A1B2C3D4E5F6A7B8C9D0E244 /* AddGoalView.swift */; };
		A1B2C3D4E5F6A7B8C9D0E247 /* AddSleepView.swift in Sources */ = {isa = PBXBuildFile; fileRef = A1B2C3D4E5F6A7B8C9D0E246 /* AddSleepView.swift */; };
		A1B2C3D4E5F6A7B8C9D0E249 /* AddTodoView.swift in Sources */ = {isa = PBXBuildFile; fileRef = A1B2C3D4E5F6A7B8C9D0E248 /* AddTodoView.swift */; };
		A1B2C3D4E5F6A7B8C9D0E251 /* AddProjectView.swift in Sources */ = {isa = PBXBuildFile; fileRef = A1B2C3D4E5F6A7B8C9D0E250 /* AddProjectView.swift */; };
		A1B2C3D4E5F6A7B8C9D0E255 /* Assets.xcassets in Resources */ = {isa = PBXBuildFile; fileRef = A1B2C3D4E5F6A7B8C9D0E254 /* Assets.xcassets */; };
/* End PBXBuildFile section */

/* Begin PBXFileReference section */
		A1B2C3D4E5F6A7B8C9D0E210 /* CanastroApp.swift */ = {isa = PBXFileReference; lastKnownFileType = sourcecode.swift; path = CanastroApp.swift; sourceTree = "<group>"; };
		A1B2C3D4E5F6A7B8C9D0E212 /* ContentView.swift */ = {isa = PBXFileReference; lastKnownFileType = sourcecode.swift; path = ContentView.swift; sourceTree = "<group>"; };
		A1B2C3D4E5F6A7B8C9D0E214 /* Workout.swift */ = {isa = PBXFileReference; lastKnownFileType = sourcecode.swift; path = Workout.swift; sourceTree = "<group>"; };
		A1B2C3D4E5F6A7B8C9D0E216 /* HealthMetric.swift */ = {isa = PBXFileReference; lastKnownFileType = sourcecode.swift; path = HealthMetric.swift; sourceTree = "<group>"; };
		A1B2C3D4E5F6A7B8C9D0E218 /* Goal.swift */ = {isa = PBXFileReference; lastKnownFileType = sourcecode.swift; path = Goal.swift; sourceTree = "<group>"; };
		A1B2C3D4E5F6A7B8C9D0E220 /* SleepEntry.swift */ = {isa = PBXFileReference; lastKnownFileType = sourcecode.swift; path = SleepEntry.swift; sourceTree = "<group>"; };
		A1B2C3D4E5F6A7B8C9D0E222 /* TodoItem.swift */ = {isa = PBXFileReference; lastKnownFileType = sourcecode.swift; path = TodoItem.swift; sourceTree = "<group>"; };
		A1B2C3D4E5F6A7B8C9D0E224 /* Project.swift */ = {isa = PBXFileReference; lastKnownFileType = sourcecode.swift; path = Project.swift; sourceTree = "<group>"; };
		A1B2C3D4E5F6A7B8C9D0E226 /* DataStore.swift */ = {isa = PBXFileReference; lastKnownFileType = sourcecode.swift; path = DataStore.swift; sourceTree = "<group>"; };
		A1B2C3D4E5F6A7B8C9D0E228 /* DashboardView.swift */ = {isa = PBXFileReference; lastKnownFileType = sourcecode.swift; path = DashboardView.swift; sourceTree = "<group>"; };
		A1B2C3D4E5F6A7B8C9D0E230 /* WorkoutsView.swift */ = {isa = PBXFileReference; lastKnownFileType = sourcecode.swift; path = WorkoutsView.swift; sourceTree = "<group>"; };
		A1B2C3D4E5F6A7B8C9D0E232 /* HealthGoalsView.swift */ = {isa = PBXFileReference; lastKnownFileType = sourcecode.swift; path = HealthGoalsView.swift; sourceTree = "<group>"; };
		A1B2C3D4E5F6A7B8C9D0E234 /* SleepView.swift */ = {isa = PBXFileReference; lastKnownFileType = sourcecode.swift; path = SleepView.swift; sourceTree = "<group>"; };
		A1B2C3D4E5F6A7B8C9D0E236 /* ProductivityView.swift */ = {isa = PBXFileReference; lastKnownFileType = sourcecode.swift; path = ProductivityView.swift; sourceTree = "<group>"; };
		A1B2C3D4E5F6A7B8C9D0E238 /* ProjectsView.swift */ = {isa = PBXFileReference; lastKnownFileType = sourcecode.swift; path = ProjectsView.swift; sourceTree = "<group>"; };
		A1B2C3D4E5F6A7B8C9D0E240 /* AddWorkoutView.swift */ = {isa = PBXFileReference; lastKnownFileType = sourcecode.swift; path = AddWorkoutView.swift; sourceTree = "<group>"; };
		A1B2C3D4E5F6A7B8C9D0E242 /* AddHealthMetricView.swift */ = {isa = PBXFileReference; lastKnownFileType = sourcecode.swift; path = AddHealthMetricView.swift; sourceTree = "<group>"; };
		A1B2C3D4E5F6A7B8C9D0E244 /* AddGoalView.swift */ = {isa = PBXFileReference; lastKnownFileType = sourcecode.swift; path = AddGoalView.swift; sourceTree = "<group>"; };
		A1B2C3D4E5F6A7B8C9D0E246 /* AddSleepView.swift */ = {isa = PBXFileReference; lastKnownFileType = sourcecode.swift; path = AddSleepView.swift; sourceTree = "<group>"; };
		A1B2C3D4E5F6A7B8C9D0E248 /* AddTodoView.swift */ = {isa = PBXFileReference; lastKnownFileType = sourcecode.swift; path = AddTodoView.swift; sourceTree = "<group>"; };
		A1B2C3D4E5F6A7B8C9D0E250 /* AddProjectView.swift */ = {isa = PBXFileReference; lastKnownFileType = sourcecode.swift; path = AddProjectView.swift; sourceTree = "<group>"; };
		A1B2C3D4E5F6A7B8C9D0E254 /* Assets.xcassets */ = {isa = PBXFileReference; lastKnownFileType = folder.assetcatalog; path = Assets.xcassets; sourceTree = "<group>"; };
		A1B2C3D4E5F6A7B8C9D0E256 /* CanastroApp.app */ = {isa = PBXFileReference; explicitFileType = wrapper.application; includeInIndex = 0; path = CanastroApp.app; sourceTree = BUILT_PRODUCTS_DIR; };
/* End PBXFileReference section */

/* Begin PBXFrameworksBuildPhase section */
		A1B2C3D4E5F6A7B8C9D0E209 /* Frameworks */ = {
			isa = PBXFrameworksBuildPhase;
			buildActionMask = 2147483647;
			files = (
			);
			runOnlyForDeploymentPostprocessing = 0;
		};
/* End PBXFrameworksBuildPhase section */

/* Begin PBXGroup section */
		A1B2C3D4E5F6A7B8C9D0E1F3 /* CanastroApp */ = {
			isa = PBXGroup;
			children = (
				A1B2C3D4E5F6A7B8C9D0E210 /* CanastroApp.swift */,
				A1B2C3D4E5F6A7B8C9D0E212 /* ContentView.swift */,
				A1B2C3D4E5F6A7B8C9D0E1F4 /* Models */,
				A1B2C3D4E5F6A7B8C9D0E1F5 /* Data */,
				A1B2C3D4E5F6A7B8C9D0E1F6 /* Views */,
				A1B2C3D4E5F6A7B8C9D0E254 /* Assets.xcassets */,
			);
			path = CanastroApp;
			sourceTree = "<group>";
		};
		A1B2C3D4E5F6A7B8C9D0E1F4 /* Models */ = {
			isa = PBXGroup;
			children = (
				A1B2C3D4E5F6A7B8C9D0E214 /* Workout.swift */,
				A1B2C3D4E5F6A7B8C9D0E216 /* HealthMetric.swift */,
				A1B2C3D4E5F6A7B8C9D0E218 /* Goal.swift */,
				A1B2C3D4E5F6A7B8C9D0E220 /* SleepEntry.swift */,
				A1B2C3D4E5F6A7B8C9D0E222 /* TodoItem.swift */,
				A1B2C3D4E5F6A7B8C9D0E224 /* Project.swift */,
			);
			path = Models;
			sourceTree = "<group>";
		};
		A1B2C3D4E5F6A7B8C9D0E1F5 /* Data */ = {
			isa = PBXGroup;
			children = (
				A1B2C3D4E5F6A7B8C9D0E226 /* DataStore.swift */,
			);
			path = Data;
			sourceTree = "<group>";
		};
		A1B2C3D4E5F6A7B8C9D0E1F6 /* Views */ = {
			isa = PBXGroup;
			children = (
				A1B2C3D4E5F6A7B8C9D0E228 /* DashboardView.swift */,
				A1B2C3D4E5F6A7B8C9D0E230 /* WorkoutsView.swift */,
				A1B2C3D4E5F6A7B8C9D0E232 /* HealthGoalsView.swift */,
				A1B2C3D4E5F6A7B8C9D0E234 /* SleepView.swift */,
				A1B2C3D4E5F6A7B8C9D0E236 /* ProductivityView.swift */,
				A1B2C3D4E5F6A7B8C9D0E238 /* ProjectsView.swift */,
				A1B2C3D4E5F6A7B8C9D0E240 /* AddWorkoutView.swift */,
				A1B2C3D4E5F6A7B8C9D0E242 /* AddHealthMetricView.swift */,
				A1B2C3D4E5F6A7B8C9D0E244 /* AddGoalView.swift */,
				A1B2C3D4E5F6A7B8C9D0E246 /* AddSleepView.swift */,
				A1B2C3D4E5F6A7B8C9D0E248 /* AddTodoView.swift */,
				A1B2C3D4E5F6A7B8C9D0E250 /* AddProjectView.swift */,
			);
			path = Views;
			sourceTree = "<group>";
		};
		A1B2C3D4E5F6A7B8C9D0E1F7 /* Products */ = {
			isa = PBXGroup;
			children = (
				A1B2C3D4E5F6A7B8C9D0E256 /* CanastroApp.app */,
			);
			name = Products;
			sourceTree = "<group>";
		};
		B1A2C3D4E5F6A7B8C9D0E100 /* MainGroup */ = {
			isa = PBXGroup;
			children = (
				A1B2C3D4E5F6A7B8C9D0E1F3 /* CanastroApp */,
				A1B2C3D4E5F6A7B8C9D0E1F7 /* Products */,
			);
			sourceTree = "<group>";
		};
/* End PBXGroup section */

/* Begin PBXNativeTarget section */
		A1B2C3D4E5F6A7B8C9D0E1F2 /* CanastroApp */ = {
			isa = PBXNativeTarget;
			buildConfigurationList = A1B2C3D4E5F6A7B8C9D0E203 /* Build configuration list for PBXNativeTarget "CanastroApp" */;
			buildPhases = (
				A1B2C3D4E5F6A7B8C9D0E207 /* Sources */,
				A1B2C3D4E5F6A7B8C9D0E209 /* Frameworks */,
				A1B2C3D4E5F6A7B8C9D0E208 /* Resources */,
			);
			buildRules = (
			);
			dependencies = (
			);
			name = CanastroApp;
			productName = CanastroApp;
			productReference = A1B2C3D4E5F6A7B8C9D0E256 /* CanastroApp.app */;
			productType = "com.apple.product-type.application";
		};
/* End PBXNativeTarget section */

/* Begin PBXProject section */
		B1A2C3D4E5F6A7B8C9D0E1F2 /* Project object */ = {
			isa = PBXProject;
			attributes = {
				BuildIndependentTargetsInParallel = 1;
				LastSwiftUpdateCheck = 1500;
				LastUpgradeCheck = 1500;
				TargetAttributes = {
					A1B2C3D4E5F6A7B8C9D0E1F2 = {
						CreatedOnToolsVersion = 15.0;
					};
				};
			};
			buildConfigurationList = A1B2C3D4E5F6A7B8C9D0E206 /* Build configuration list for PBXProject "CanastroApp" */;
			compatibilityVersion = "Xcode 14.0";
			developmentRegion = en;
			hasScannedForEncodings = 0;
			knownRegions = (
				en,
				Base,
			);
			mainGroup = B1A2C3D4E5F6A7B8C9D0E100;
			productRefGroup = A1B2C3D4E5F6A7B8C9D0E1F7 /* Products */;
			projectDirPath = "";
			projectRoot = "";
			targets = (
				A1B2C3D4E5F6A7B8C9D0E1F2 /* CanastroApp */,
			);
		};
/* End PBXProject section */

/* Begin PBXResourcesBuildPhase section */
		A1B2C3D4E5F6A7B8C9D0E208 /* Resources */ = {
			isa = PBXResourcesBuildPhase;
			buildActionMask = 2147483647;
			files = (
				A1B2C3D4E5F6A7B8C9D0E255 /* Assets.xcassets in Resources */,
			);
			runOnlyForDeploymentPostprocessing = 0;
		};
/* End PBXResourcesBuildPhase section */

/* Begin PBXSourcesBuildPhase section */
		A1B2C3D4E5F6A7B8C9D0E207 /* Sources */ = {
			isa = PBXSourcesBuildPhase;
			buildActionMask = 2147483647;
			files = (
				A1B2C3D4E5F6A7B8C9D0E211 /* CanastroApp.swift in Sources */,
				A1B2C3D4E5F6A7B8C9D0E213 /* ContentView.swift in Sources */,
				A1B2C3D4E5F6A7B8C9D0E215 /* Workout.swift in Sources */,
				A1B2C3D4E5F6A7B8C9D0E217 /* HealthMetric.swift in Sources */,
				A1B2C3D4E5F6A7B8C9D0E219 /* Goal.swift in Sources */,
				A1B2C3D4E5F6A7B8C9D0E221 /* SleepEntry.swift in Sources */,
				A1B2C3D4E5F6A7B8C9D0E223 /* TodoItem.swift in Sources */,
				A1B2C3D4E5F6A7B8C9D0E225 /* Project.swift in Sources */,
				A1B2C3D4E5F6A7B8C9D0E227 /* DataStore.swift in Sources */,
				A1B2C3D4E5F6A7B8C9D0E229 /* DashboardView.swift in Sources */,
				A1B2C3D4E5F6A7B8C9D0E231 /* WorkoutsView.swift in Sources */,
				A1B2C3D4E5F6A7B8C9D0E233 /* HealthGoalsView.swift in Sources */,
				A1B2C3D4E5F6A7B8C9D0E235 /* SleepView.swift in Sources */,
				A1B2C3D4E5F6A7B8C9D0E237 /* ProductivityView.swift in Sources */,
				A1B2C3D4E5F6A7B8C9D0E239 /* ProjectsView.swift in Sources */,
				A1B2C3D4E5F6A7B8C9D0E241 /* AddWorkoutView.swift in Sources */,
				A1B2C3D4E5F6A7B8C9D0E243 /* AddHealthMetricView.swift in Sources */,
				A1B2C3D4E5F6A7B8C9D0E245 /* AddGoalView.swift in Sources */,
				A1B2C3D4E5F6A7B8C9D0E247 /* AddSleepView.swift in Sources */,
				A1B2C3D4E5F6A7B8C9D0E249 /* AddTodoView.swift in Sources */,
				A1B2C3D4E5F6A7B8C9D0E251 /* AddProjectView.swift in Sources */,
			);
			runOnlyForDeploymentPostprocessing = 0;
		};
/* End PBXSourcesBuildPhase section */

/* Begin XCBuildConfiguration section */
		A1B2C3D4E5F6A7B8C9D0E201 /* Debug */ = {
			isa = XCBuildConfiguration;
			buildSettings = {
				ASSETCATALOG_COMPILER_APPICON_NAME = AppIcon;
				ASSETCATALOG_COMPILER_GLOBAL_ACCENT_COLOR_NAME = AccentColor;
				CODE_SIGN_STYLE = Automatic;
				CURRENT_PROJECT_VERSION = 1;
				DEVELOPMENT_ASSET_PATHS = "";
				ENABLE_PREVIEWS = YES;
				GENERATE_INFOPLIST_FILE = YES;
				INFOPLIST_KEY_UIApplicationSceneManifest_Generation = YES;
				INFOPLIST_KEY_UIApplicationSupportsIndirectInputEvents = YES;
				INFOPLIST_KEY_UILaunchScreen_Generation = YES;
				INFOPLIST_KEY_UISupportedInterfaceOrientations_iPad = "UIInterfaceOrientationPortrait UIInterfaceOrientationPortraitUpsideDown UIInterfaceOrientationLandscapeLeft UIInterfaceOrientationLandscapeRight";
				INFOPLIST_KEY_UISupportedInterfaceOrientations_iPhone = "UIInterfaceOrientationPortrait UIInterfaceOrientationLandscapeLeft UIInterfaceOrientationLandscapeRight";
				LD_RUNPATH_SEARCH_PATHS = (
					"$(inherited)",
					"@executable_path/Frameworks",
				);
				MARKETING_VERSION = 1.0;
				PRODUCT_BUNDLE_IDENTIFIER = com.canastro.app;
				PRODUCT_NAME = "$(TARGET_NAME)";
				SWIFT_EMIT_LOC_STRINGS = YES;
				SWIFT_VERSION = 5.0;
				TARGETED_DEVICE_FAMILY = "1,2";
				IPHONEOS_DEPLOYMENT_TARGET = 17.0;
			};
			name = Debug;
		};
		A1B2C3D4E5F6A7B8C9D0E202 /* Release */ = {
			isa = XCBuildConfiguration;
			buildSettings = {
				ASSETCATALOG_COMPILER_APPICON_NAME = AppIcon;
				ASSETCATALOG_COMPILER_GLOBAL_ACCENT_COLOR_NAME = AccentColor;
				CODE_SIGN_STYLE = Automatic;
				CURRENT_PROJECT_VERSION = 1;
				DEVELOPMENT_ASSET_PATHS = "";
				ENABLE_PREVIEWS = YES;
				GENERATE_INFOPLIST_FILE = YES;
				INFOPLIST_KEY_UIApplicationSceneManifest_Generation = YES;
				INFOPLIST_KEY_UIApplicationSupportsIndirectInputEvents = YES;
				INFOPLIST_KEY_UILaunchScreen_Generation = YES;
				INFOPLIST_KEY_UISupportedInterfaceOrientations_iPad = "UIInterfaceOrientationPortrait UIInterfaceOrientationPortraitUpsideDown UIInterfaceOrientationLandscapeLeft UIInterfaceOrientationLandscapeRight";
				INFOPLIST_KEY_UISupportedInterfaceOrientations_iPhone = "UIInterfaceOrientationPortrait UIInterfaceOrientationLandscapeLeft UIInterfaceOrientationLandscapeRight";
				LD_RUNPATH_SEARCH_PATHS = (
					"$(inherited)",
					"@executable_path/Frameworks",
				);
				MARKETING_VERSION = 1.0;
				PRODUCT_BUNDLE_IDENTIFIER = com.canastro.app;
				PRODUCT_NAME = "$(TARGET_NAME)";
				SWIFT_EMIT_LOC_STRINGS = YES;
				SWIFT_VERSION = 5.0;
				TARGETED_DEVICE_FAMILY = "1,2";
				IPHONEOS_DEPLOYMENT_TARGET = 17.0;
				VALIDATE_PRODUCT = YES;
			};
			name = Release;
		};
		A1B2C3D4E5F6A7B8C9D0E204 /* Debug */ = {
			isa = XCBuildConfiguration;
			buildSettings = {
				ALWAYS_SEARCH_USER_PATHS = NO;
				CLANG_ANALYZER_NONNULL = YES;
				CLANG_ANALYZER_NUMBER_OBJECT_CONVERSION = YES_AGGRESSIVE;
				CLANG_CXX_LANGUAGE_STANDARD = "gnu++20";
				CLANG_ENABLE_MODULES = YES;
				CLANG_ENABLE_OBJC_ARC = YES;
				CLANG_ENABLE_OBJC_WEAK = YES;
				CLANG_WARN_BLOCK_CAPTURE_AUTORELEASING = YES;
				CLANG_WARN_BOOL_CONVERSION = YES;
				CLANG_WARN_COMMA = YES;
				CLANG_WARN_CONSTANT_CONVERSION = YES;
				CLANG_WARN_DEPRECATED_OBJC_IMPLEMENTATIONS = YES;
				CLANG_WARN_DIRECT_OBJC_ISA_USAGE = YES_ERROR;
				CLANG_WARN_DOCUMENTATION_COMMENTS = YES;
				CLANG_WARN_EMPTY_BODY = YES;
				CLANG_WARN_ENUM_CONVERSION = YES;
				CLANG_WARN_INFINITE_RECURSION = YES;
				CLANG_WARN_INT_CONVERSION = YES;
				CLANG_WARN_NON_LITERAL_NULL_CONVERSION = YES;
				CLANG_WARN_OBJC_IMPLICIT_RETAIN_SELF = YES;
				CLANG_WARN_OBJC_LITERAL_CONVERSION = YES;
				CLANG_WARN_OBJC_ROOT_CLASS = YES_ERROR;
				CLANG_WARN_QUOTED_INCLUDE_IN_FRAMEWORK_HEADER = YES;
				CLANG_WARN_RANGE_LOOP_ANALYSIS = YES;
				CLANG_WARN_STRICT_PROTOTYPES = YES;
				CLANG_WARN_SUSPICIOUS_MOVE = YES;
				CLANG_WARN_UNGUARDED_AVAILABILITY = YES_AGGRESSIVE;
				CLANG_WARN_UNREACHABLE_CODE = YES;
				CLANG_WARN__DUPLICATE_METHOD_MATCH = YES;
				COPY_PHASE_STRIP = NO;
				DEBUG_INFORMATION_FORMAT = dwarf;
				ENABLE_STRICT_OBJC_MSGSEND = YES;
				ENABLE_TESTABILITY = YES;
				ENABLE_USER_SCRIPT_SANDBOXING = YES;
				GCC_C_LANGUAGE_STANDARD = gnu17;
				GCC_DYNAMIC_NO_PIC = NO;
				GCC_NO_COMMON_BLOCKS = YES;
				GCC_OPTIMIZATION_LEVEL = 0;
				GCC_PREPROCESSOR_DEFINITIONS = (
					"DEBUG=1",
					"$(inherited)",
				);
				GCC_WARN_64_TO_32_BIT_CONVERSION = YES;
				GCC_WARN_ABOUT_RETURN_TYPE = YES_ERROR;
				GCC_WARN_UNDECLARED_SELECTOR = YES;
				GCC_WARN_UNINITIALIZED_AUTOS = YES_AGGRESSIVE;
				GCC_WARN_UNUSED_FUNCTION = YES;
				GCC_WARN_UNUSED_VARIABLE = YES;
				IPHONEOS_DEPLOYMENT_TARGET = 17.0;
				MTL_ENABLE_DEBUG_INFO = INCLUDE_SOURCE;
				MTL_FAST_MATH = YES;
				ONLY_ACTIVE_ARCH = YES;
				SDKROOT = iphoneos;
				SWIFT_ACTIVE_COMPILATION_CONDITIONS = DEBUG;
				SWIFT_OPTIMIZATION_LEVEL = "-Onone";
			};
			name = Debug;
		};
		A1B2C3D4E5F6A7B8C9D0E205 /* Release */ = {
			isa = XCBuildConfiguration;
			buildSettings = {
				ALWAYS_SEARCH_USER_PATHS = NO;
				CLANG_ANALYZER_NONNULL = YES;
				CLANG_ANALYZER_NUMBER_OBJECT_CONVERSION = YES_AGGRESSIVE;
				CLANG_CXX_LANGUAGE_STANDARD = "gnu++20";
				CLANG_ENABLE_MODULES = YES;
				CLANG_ENABLE_OBJC_ARC = YES;
				CLANG_ENABLE_OBJC_WEAK = YES;
				CLANG_WARN_BLOCK_CAPTURE_AUTORELEASING = YES;
				CLANG_WARN_BOOL_CONVERSION = YES;
				CLANG_WARN_COMMA = YES;
				CLANG_WARN_CONSTANT_CONVERSION = YES;
				CLANG_WARN_DEPRECATED_OBJC_IMPLEMENTATIONS = YES;
				CLANG_WARN_DIRECT_OBJC_ISA_USAGE = YES_ERROR;
				CLANG_WARN_DOCUMENTATION_COMMENTS = YES;
				CLANG_WARN_EMPTY_BODY = YES;
				CLANG_WARN_ENUM_CONVERSION = YES;
				CLANG_WARN_INFINITE_RECURSION = YES;
				CLANG_WARN_INT_CONVERSION = YES;
				CLANG_WARN_NON_LITERAL_NULL_CONVERSION = YES;
				CLANG_WARN_OBJC_IMPLICIT_RETAIN_SELF = YES;
				CLANG_WARN_OBJC_LITERAL_CONVERSION = YES;
				CLANG_WARN_OBJC_ROOT_CLASS = YES_ERROR;
				CLANG_WARN_QUOTED_INCLUDE_IN_FRAMEWORK_HEADER = YES;
				CLANG_WARN_RANGE_LOOP_ANALYSIS = YES;
				CLANG_WARN_STRICT_PROTOTYPES = YES;
				CLANG_WARN_SUSPICIOUS_MOVE = YES;
				CLANG_WARN_UNGUARDED_AVAILABILITY = YES_AGGRESSIVE;
				CLANG_WARN_UNREACHABLE_CODE = YES;
				CLANG_WARN__DUPLICATE_METHOD_MATCH = YES;
				COPY_PHASE_STRIP = NO;
				DEBUG_INFORMATION_FORMAT = "dwarf-with-dsym";
				ENABLE_NS_ASSERTIONS = NO;
				ENABLE_STRICT_OBJC_MSGSEND = YES;
				ENABLE_USER_SCRIPT_SANDBOXING = YES;
				GCC_C_LANGUAGE_STANDARD = gnu17;
				GCC_NO_COMMON_BLOCKS = YES;
				GCC_WARN_64_TO_32_BIT_CONVERSION = YES;
				GCC_WARN_ABOUT_RETURN_TYPE = YES_ERROR;
				GCC_WARN_UNDECLARED_SELECTOR = YES;
				GCC_WARN_UNINITIALIZED_AUTOS = YES_AGGRESSIVE;
				GCC_WARN_UNUSED_FUNCTION = YES;
				GCC_WARN_UNUSED_VARIABLE = YES;
				IPHONEOS_DEPLOYMENT_TARGET = 17.0;
				MTL_FAST_MATH = YES;
				SDKROOT = iphoneos;
				SWIFT_COMPILATION_MODE = wholemodule;
				SWIFT_OPTIMIZATION_LEVEL = "-O";
				VALIDATE_PRODUCT = YES;
			};
			name = Release;
		};
/* End XCBuildConfiguration section */

/* Begin XCConfigurationList section */
		A1B2C3D4E5F6A7B8C9D0E203 /* Build configuration list for PBXNativeTarget "CanastroApp" */ = {
			isa = XCConfigurationList;
			buildConfigurations = (
				A1B2C3D4E5F6A7B8C9D0E201 /* Debug */,
				A1B2C3D4E5F6A7B8C9D0E202 /* Release */,
			);
			defaultConfigurationIsVisible = 0;
			defaultConfigurationName = Release;
		};
		A1B2C3D4E5F6A7B8C9D0E206 /* Build configuration list for PBXProject "CanastroApp" */ = {
			isa = XCConfigurationList;
			buildConfigurations = (
				A1B2C3D4E5F6A7B8C9D0E204 /* Debug */,
				A1B2C3D4E5F6A7B8C9D0E205 /* Release */,
			);
			defaultConfigurationIsVisible = 0;
			defaultConfigurationName = Release;
		};
/* End XCConfigurationList section */

	};
	rootObject = B1A2C3D4E5F6A7B8C9D0E1F2 /* Project object */;
}
